
Microsoft Visual Studio Solution File, Format Version 12.00
# Visual Studio Version 16
VisualStudioVersion = 16.0.32802.440
MinimumVisualStudioVersion = 10.0.40219.1
Project("{FAE04EC0-301F-11D3-BF4B-00C04F79EFBC}") = "Rce", "Rce\Rce.csproj", "{65FEA7D1-6A53-43EB-8017-F53CC57E319B}"
EndProject
Global
	GlobalSection(SolutionConfigurationPlatforms) = preSolution
		Debug|Any CPU = Debug|Any CPU
		Release|Any CPU = Release|Any CPU
	EndGlobalSection
	GlobalSection(ProjectConfigurationPlatforms) = postSolution
		{65FEA7D1-6A53-43EB-8017-F53CC57E319B}.Debug|Any CPU.ActiveCfg = Debug|Any CPU
		{65FEA7D1-6A53-43EB-8017-F53CC57E319B}.Debug|Any CPU.Build.0 = Debug|Any CPU
		{65FEA7D1-6A53-43EB-8017-F53CC57E319B}.Release|Any CPU.ActiveCfg = Release|Any CPU
		{65FEA7D1-6A53-43EB-8017-F53CC57E319B}.Release|Any CPU.Build.0 = Release|Any CPU
	EndGlobalSection
	GlobalSection(SolutionProperties) = preSolution
		HideSolutionNode = FALSE
	EndGlobalSection
	GlobalSection(ExtensibilityGlobals) = postSolution
		SolutionGuid = {3130438F-2777-4125-9041-667DCC64ABD0}
	EndGlobalSection
EndGlobal
